// !$*UTF8*$!
{
	archiveVersion = 1;
	classes = {
	};
	objectVersion = 55;
	objects = {

/* Begin PBXBuildFile section */
		3719EFB12DECA498008A96CD /* CreateContent.swift in Sources */ = {isa = PBXBuildFile; fileRef = 3719EFB02DECA498008A96CD /* CreateContent.swift */; };
		3719EFB32DECB5D4008A96CD /* MediaEditingContext.swift in Sources */ = {isa = PBXBuildFile; fileRef = 3719EFB22DECB5D4008A96CD /* MediaEditingContext.swift */; };
		3719EFB52DED0740008A96CD /* CustomCameraView.swift in Sources */ = {isa = PBXBuildFile; fileRef = 3719EFB42DED0740008A96CD /* CustomCameraView.swift */; };
		3719EFB72DED08B1008A96CD /* VideoAudioMerger.swift in Sources */ = {isa = PBXBuildFile; fileRef = 3719EFB62DED08B1008A96CD /* VideoAudioMerger.swift */; };
		378E1C922DE523EA0072236D /* NGDigitalApp.swift in Sources */ = {isa = PBXBuildFile; fileRef = 378E1C912DE523EA0072236D /* NGDigitalApp.swift */; };
		378E1C942DE523EA0072236D /* ContentView.swift in Sources */ = {isa = PBXBuildFile; fileRef = 378E1C932DE523EA0072236D /* ContentView.swift */; };
		378E1C962DE523F10072236D /* Assets.xcassets in Resources */ = {isa = PBXBuildFile; fileRef = 378E1C952DE523F10072236D /* Assets.xcassets */; };
		378E1C992DE523F10072236D /* Preview Assets.xcassets in Resources */ = {isa = PBXBuildFile; fileRef = 378E1C982DE523F10072236D /* Preview Assets.xcassets */; };
		378E1CA12DE5250D0072236D /* GateKeeper.swift in Sources */ = {isa = PBXBuildFile; fileRef = 378E1CA02DE5250D0072236D /* GateKeeper.swift */; };
		378E1CA32DE525A60072236D /* DataLayer.swift in Sources */ = {isa = PBXBuildFile; fileRef = 378E1CA22DE525A60072236D /* DataLayer.swift */; };
		378E1CA52DE5264A0072236D /* HomeHub.swift in Sources */ = {isa = PBXBuildFile; fileRef = 378E1CA42DE5264A0072236D /* HomeHub.swift */; };
		378E1CA82DE635120072236D /* RegisterView.swift in Sources */ = {isa = PBXBuildFile; fileRef = 378E1CA72DE635120072236D /* RegisterView.swift */; };
		378E1CAA2DE635870072236D /* KeychainService.swift in Sources */ = {isa = PBXBuildFile; fileRef = 378E1CA92DE635870072236D /* KeychainService.swift */; };
		378E1CAC2DE635B80072236D /* LoginView.swift in Sources */ = {isa = PBXBuildFile; fileRef = 378E1CAB2DE635B80072236D /* LoginView.swift */; };
/* End PBXBuildFile section */

/* Begin PBXFileReference section */
		3719EFB02DECA498008A96CD /* CreateContent.swift */ = {isa = PBXFileReference; lastKnownFileType = sourcecode.swift; path = CreateContent.swift; sourceTree = "<group>"; };
		3719EFB22DECB5D4008A96CD /* MediaEditingContext.swift */ = {isa = PBXFileReference; lastKnownFileType = sourcecode.swift; path = MediaEditingContext.swift; sourceTree = "<group>"; };
		3719EFB42DED0740008A96CD /* CustomCameraView.swift */ = {isa = PBXFileReference; lastKnownFileType = sourcecode.swift; path = CustomCameraView.swift; sourceTree = "<group>"; };
		3719EFB62DED08B1008A96CD /* VideoAudioMerger.swift */ = {isa = PBXFileReference; lastKnownFileType = sourcecode.swift; path = VideoAudioMerger.swift; sourceTree = "<group>"; };
		378E1C8E2DE523EA0072236D /* NGDigital.app */ = {isa = PBXFileReference; explicitFileType = wrapper.application; includeInIndex = 0; path = NGDigital.app; sourceTree = BUILT_PRODUCTS_DIR; };
		378E1C912DE523EA0072236D /* NGDigitalApp.swift */ = {isa = PBXFileReference; lastKnownFileType = sourcecode.swift; path = NGDigitalApp.swift; sourceTree = "<group>"; };
		378E1C932DE523EA0072236D /* ContentView.swift */ = {isa = PBXFileReference; lastKnownFileType = sourcecode.swift; path = ContentView.swift; sourceTree = "<group>"; };
		378E1C952DE523F10072236D /* Assets.xcassets */ = {isa = PBXFileReference; lastKnownFileType = folder.assetcatalog; path = Assets.xcassets; sourceTree = "<group>"; };
		378E1C982DE523F10072236D /* Preview Assets.xcassets */ = {isa = PBXFileReference; lastKnownFileType = folder.assetcatalog; path = "Preview Assets.xcassets"; sourceTree = "<group>"; };
		378E1CA02DE5250D0072236D /* GateKeeper.swift */ = {isa = PBXFileReference; lastKnownFileType = sourcecode.swift; path = GateKeeper.swift; sourceTree = "<group>"; };
		378E1CA22DE525A60072236D /* DataLayer.swift */ = {isa = PBXFileReference; lastKnownFileType = sourcecode.swift; path = DataLayer.swift; sourceTree = "<group>"; };
		378E1CA42DE5264A0072236D /* HomeHub.swift */ = {isa = PBXFileReference; lastKnownFileType = sourcecode.swift; path = HomeHub.swift; sourceTree = "<group>"; };
		378E1CA62DE61E460072236D /* Info.plist */ = {isa = PBXFileReference; lastKnownFileType = text.plist; path = Info.plist; sourceTree = "<group>"; };
		378E1CA72DE635120072236D /* RegisterView.swift */ = {isa = PBXFileReference; lastKnownFileType = sourcecode.swift; path = RegisterView.swift; sourceTree = "<group>"; };
		378E1CA92DE635870072236D /* KeychainService.swift */ = {isa = PBXFileReference; lastKnownFileType = sourcecode.swift; path = KeychainService.swift; sourceTree = "<group>"; };
		378E1CAB2DE635B80072236D /* LoginView.swift */ = {isa = PBXFileReference; lastKnownFileType = sourcecode.swift; path = LoginView.swift; sourceTree = "<group>"; };
/* End PBXFileReference section */

/* Begin PBXFrameworksBuildPhase section */
		378E1C8B2DE523EA0072236D /* Frameworks */ = {
			isa = PBXFrameworksBuildPhase;
			buildActionMask = 2147483647;
			files = (
			);
			runOnlyForDeploymentPostprocessing = 0;
		};
/* End PBXFrameworksBuildPhase section */

/* Begin PBXGroup section */
		378E1C852DE523EA0072236D = {
			isa = PBXGroup;
			children = (
				3719EFB02DECA498008A96CD /* CreateContent.swift */,
				3719EFB22DECB5D4008A96CD /* MediaEditingContext.swift */,
				3719EFB42DED0740008A96CD /* CustomCameraView.swift */,
				3719EFB62DED08B1008A96CD /* VideoAudioMerger.swift */,
				378E1C902DE523EA0072236D /* NGDigital */,
				378E1C8F2DE523EA0072236D /* Products */,
			);
			sourceTree = "<group>";
		};
		378E1C8F2DE523EA0072236D /* Products */ = {
			isa = PBXGroup;
			children = (
				378E1C8E2DE523EA0072236D /* NGDigital.app */,
			);
			name = Products;
			sourceTree = "<group>";
		};
		378E1C902DE523EA0072236D /* NGDigital */ = {
			isa = PBXGroup;
			children = (
				378E1CA62DE61E460072236D /* Info.plist */,
				378E1C9F2DE5248C0072236D /* Managers */,
				378E1C912DE523EA0072236D /* NGDigitalApp.swift */,
				378E1C932DE523EA0072236D /* ContentView.swift */,
				378E1C952DE523F10072236D /* Assets.xcassets */,
				378E1C972DE523F10072236D /* Preview Content */,
				378E1CA72DE635120072236D /* RegisterView.swift */,
				378E1CA92DE635870072236D /* KeychainService.swift */,
				378E1CAB2DE635B80072236D /* LoginView.swift */,
			);
			path = NGDigital;
			sourceTree = "<group>";
		};
		378E1C972DE523F10072236D /* Preview Content */ = {
			isa = PBXGroup;
			children = (
				378E1C982DE523F10072236D /* Preview Assets.xcassets */,
			);
			path = "Preview Content";
			sourceTree = "<group>";
		};
		378E1C9F2DE5248C0072236D /* Managers */ = {
			isa = PBXGroup;
			children = (
				378E1CA02DE5250D0072236D /* GateKeeper.swift */,
				378E1CA22DE525A60072236D /* DataLayer.swift */,
				378E1CA42DE5264A0072236D /* HomeHub.swift */,
			);
			path = Managers;
			sourceTree = "<group>";
		};
/* End PBXGroup section */

/* Begin PBXNativeTarget section */
		378E1C8D2DE523EA0072236D /* NGDigital */ = {
			isa = PBXNativeTarget;
			buildConfigurationList = 378E1C9C2DE523F10072236D /* Build configuration list for PBXNativeTarget "NGDigital" */;
			buildPhases = (
				378E1C8A2DE523EA0072236D /* Sources */,
				378E1C8B2DE523EA0072236D /* Frameworks */,
				378E1C8C2DE523EA0072236D /* Resources */,
			);
			buildRules = (
			);
			dependencies = (
			);
			name = NGDigital;
			productName = NGDigital;
			productReference = 378E1C8E2DE523EA0072236D /* NGDigital.app */;
			productType = "com.apple.product-type.application";
		};
/* End PBXNativeTarget section */

/* Begin PBXProject section */
		378E1C862DE523EA0072236D /* Project object */ = {
			isa = PBXProject;
			attributes = {
				BuildIndependentTargetsInParallel = 1;
				LastSwiftUpdateCheck = 1320;
				LastUpgradeCheck = 1320;
				TargetAttributes = {
					378E1C8D2DE523EA0072236D = {
						CreatedOnToolsVersion = 13.2.1;
					};
				};
			};
			buildConfigurationList = 378E1C892DE523EA0072236D /* Build configuration list for PBXProject "NGDigital" */;
			compatibilityVersion = "Xcode 13.0";
			developmentRegion = en;
			hasScannedForEncodings = 0;
			knownRegions = (
				en,
				Base,
			);
			mainGroup = 378E1C852DE523EA0072236D;
			productRefGroup = 378E1C8F2DE523EA0072236D /* Products */;
			projectDirPath = "";
			projectRoot = "";
			targets = (
				378E1C8D2DE523EA0072236D /* NGDigital */,
			);
		};
/* End PBXProject section */

/* Begin PBXResourcesBuildPhase section */
		378E1C8C2DE523EA0072236D /* Resources */ = {
			isa = PBXResourcesBuildPhase;
			buildActionMask = 2147483647;
			files = (
				378E1C992DE523F10072236D /* Preview Assets.xcassets in Resources */,
				378E1C962DE523F10072236D /* Assets.xcassets in Resources */,
			);
			runOnlyForDeploymentPostprocessing = 0;
		};
/* End PBXResourcesBuildPhase section */

/* Begin PBXSourcesBuildPhase section */
		378E1C8A2DE523EA0072236D /* Sources */ = {
			isa = PBXSourcesBuildPhase;
			buildActionMask = 2147483647;
			files = (
				378E1C942DE523EA0072236D /* ContentView.swift in Sources */,
				3719EFB12DECA498008A96CD /* CreateContent.swift in Sources */,
				378E1CA32DE525A60072236D /* DataLayer.swift in Sources */,
				378E1CA52DE5264A0072236D /* HomeHub.swift in Sources */,
				378E1CA82DE635120072236D /* RegisterView.swift in Sources */,
				378E1CAA2DE635870072236D /* KeychainService.swift in Sources */,
				378E1CA12DE5250D0072236D /* GateKeeper.swift in Sources */,
				3719EFB52DED0740008A96CD /* CustomCameraView.swift in Sources */,
				3719EFB72DED08B1008A96CD /* VideoAudioMerger.swift in Sources */,
				378E1CAC2DE635B80072236D /* LoginView.swift in Sources */,
				378E1C922DE523EA0072236D /* NGDigitalApp.swift in Sources */,
				3719EFB32DECB5D4008A96CD /* MediaEditingContext.swift in Sources */,
			);
			runOnlyForDeploymentPostprocessing = 0;
		};
/* End PBXSourcesBuildPhase section */

/* Begin XCBuildConfiguration section */
		378E1C9A2DE523F10072236D /* Debug */ = {
			isa = XCBuildConfiguration;
			buildSettings = {
				ALWAYS_SEARCH_USER_PATHS = NO;
				CLANG_ANALYZER_NONNULL = YES;
				CLANG_ANALYZER_NUMBER_OBJECT_CONVERSION = YES_AGGRESSIVE;
				CLANG_CXX_LANGUAGE_STANDARD = "gnu++17";
				CLANG_CXX_LIBRARY = "libc++";
				CLANG_ENABLE_MODULES = YES;
				CLANG_ENABLE_OBJC_ARC = YES;
				CLANG_ENABLE_OBJC_WEAK = YES;
				CLANG_WARN_BLOCK_CAPTURE_AUTORELEASING = YES;
				CLANG_WARN_BOOL_CONVERSION = YES;
				CLANG_WARN_COMMA = YES;
				CLANG_WARN_CONSTANT_CONVERSION = YES;
				CLANG_WARN_DEPRECATED_OBJC_IMPLEMENTATIONS = YES;
				CLANG_WARN_DIRECT_OBJC_ISA_USAGE = YES_ERROR;
				CLANG_WARN_DOCUMENTATION_COMMENTS = YES;
				CLANG_WARN_EMPTY_BODY = YES;
				CLANG_WARN_ENUM_CONVERSION = YES;
				CLANG_WARN_INFINITE_RECURSION = YES;
				CLANG_WARN_INT_CONVERSION = YES;
				CLANG_WARN_NON_LITERAL_NULL_CONVERSION = YES;
				CLANG_WARN_OBJC_IMPLICIT_RETAIN_SELF = YES;
				CLANG_WARN_OBJC_LITERAL_CONVERSION = YES;
				CLANG_WARN_OBJC_ROOT_CLASS = YES_ERROR;
				CLANG_WARN_QUOTED_INCLUDE_IN_FRAMEWORK_HEADER = YES;
				CLANG_WARN_RANGE_LOOP_ANALYSIS = YES;
				CLANG_WARN_STRICT_PROTOTYPES = YES;
				CLANG_WARN_SUSPICIOUS_MOVE = YES;
				CLANG_WARN_UNGUARDED_AVAILABILITY = YES_AGGRESSIVE;
				CLANG_WARN_UNREACHABLE_CODE = YES;
				CLANG_WARN__DUPLICATE_METHOD_MATCH = YES;
				COPY_PHASE_STRIP = NO;
				DEBUG_INFORMATION_FORMAT = dwarf;
				ENABLE_STRICT_OBJC_MSGSEND = YES;
				ENABLE_TESTABILITY = YES;
				GCC_C_LANGUAGE_STANDARD = gnu11;
				GCC_DYNAMIC_NO_PIC = NO;
				GCC_NO_COMMON_BLOCKS = YES;
				GCC_OPTIMIZATION_LEVEL = 0;
				GCC_PREPROCESSOR_DEFINITIONS = (
					"DEBUG=1",
					"$(inherited)",
				);
				GCC_WARN_64_TO_32_BIT_CONVERSION = YES;
				GCC_WARN_ABOUT_RETURN_TYPE = YES_ERROR;
				GCC_WARN_UNDECLARED_SELECTOR = YES;
				GCC_WARN_UNINITIALIZED_AUTOS = YES_AGGRESSIVE;
				GCC_WARN_UNUSED_FUNCTION = YES;
				GCC_WARN_UNUSED_VARIABLE = YES;
				IPHONEOS_DEPLOYMENT_TARGET = 15.2;
				MTL_ENABLE_DEBUG_INFO = INCLUDE_SOURCE;
				MTL_FAST_MATH = YES;
				ONLY_ACTIVE_ARCH = YES;
				SDKROOT = iphoneos;
				SWIFT_ACTIVE_COMPILATION_CONDITIONS = DEBUG;
				SWIFT_OPTIMIZATION_LEVEL = "-Onone";
			};
			name = Debug;
		};
		378E1C9B2DE523F10072236D /* Release */ = {
			isa = XCBuildConfiguration;
			buildSettings = {
				ALWAYS_SEARCH_USER_PATHS = NO;
				CLANG_ANALYZER_NONNULL = YES;
				CLANG_ANALYZER_NUMBER_OBJECT_CONVERSION = YES_AGGRESSIVE;
				CLANG_CXX_LANGUAGE_STANDARD = "gnu++17";
				CLANG_CXX_LIBRARY = "libc++";
				CLANG_ENABLE_MODULES = YES;
				CLANG_ENABLE_OBJC_ARC = YES;
				CLANG_ENABLE_OBJC_WEAK = YES;
				CLANG_WARN_BLOCK_CAPTURE_AUTORELEASING = YES;
				CLANG_WARN_BOOL_CONVERSION = YES;
				CLANG_WARN_COMMA = YES;
				CLANG_WARN_CONSTANT_CONVERSION = YES;
				CLANG_WARN_DEPRECATED_OBJC_IMPLEMENTATIONS = YES;
				CLANG_WARN_DIRECT_OBJC_ISA_USAGE = YES_ERROR;
				CLANG_WARN_DOCUMENTATION_COMMENTS = YES;
				CLANG_WARN_EMPTY_BODY = YES;
				CLANG_WARN_ENUM_CONVERSION = YES;
				CLANG_WARN_INFINITE_RECURSION = YES;
				CLANG_WARN_INT_CONVERSION = YES;
				CLANG_WARN_NON_LITERAL_NULL_CONVERSION = YES;
				CLANG_WARN_OBJC_IMPLICIT_RETAIN_SELF = YES;
				CLANG_WARN_OBJC_LITERAL_CONVERSION = YES;
				CLANG_WARN_OBJC_ROOT_CLASS = YES_ERROR;
				CLANG_WARN_QUOTED_INCLUDE_IN_FRAMEWORK_HEADER = YES;
				CLANG_WARN_RANGE_LOOP_ANALYSIS = YES;
				CLANG_WARN_STRICT_PROTOTYPES = YES;
				CLANG_WARN_SUSPICIOUS_MOVE = YES;
				CLANG_WARN_UNGUARDED_AVAILABILITY = YES_AGGRESSIVE;
				CLANG_WARN_UNREACHABLE_CODE = YES;
				CLANG_WARN__DUPLICATE_METHOD_MATCH = YES;
				COPY_PHASE_STRIP = NO;
				DEBUG_INFORMATION_FORMAT = "dwarf-with-dsym";
				ENABLE_NS_ASSERTIONS = NO;
				ENABLE_STRICT_OBJC_MSGSEND = YES;
				GCC_C_LANGUAGE_STANDARD = gnu11;
				GCC_NO_COMMON_BLOCKS = YES;
				GCC_WARN_64_TO_32_BIT_CONVERSION = YES;
				GCC_WARN_ABOUT_RETURN_TYPE = YES_ERROR;
				GCC_WARN_UNDECLARED_SELECTOR = YES;
				GCC_WARN_UNINITIALIZED_AUTOS = YES_AGGRESSIVE;
				GCC_WARN_UNUSED_FUNCTION = YES;
				GCC_WARN_UNUSED_VARIABLE = YES;
				IPHONEOS_DEPLOYMENT_TARGET = 15.2;
				MTL_ENABLE_DEBUG_INFO = NO;
				MTL_FAST_MATH = YES;
				SDKROOT = iphoneos;
				SWIFT_COMPILATION_MODE = wholemodule;
				SWIFT_OPTIMIZATION_LEVEL = "-O";
				VALIDATE_PRODUCT = YES;
			};
			name = Release;
		};
		378E1C9D2DE523F10072236D /* Debug */ = {
			isa = XCBuildConfiguration;
			buildSettings = {
				ASSETCATALOG_COMPILER_APPICON_NAME = AppIcon;
				ASSETCATALOG_COMPILER_GLOBAL_ACCENT_COLOR_NAME = AccentColor;
				CODE_SIGN_STYLE = Automatic;
				CURRENT_PROJECT_VERSION = 1;
				DEVELOPMENT_ASSET_PATHS = "\"NGDigital/Preview Content\"";
				DEVELOPMENT_TEAM = 897QSY45XD;
				ENABLE_PREVIEWS = YES;
				GENERATE_INFOPLIST_FILE = YES;
				INFOPLIST_FILE = NGDigital/Info.plist;
				INFOPLIST_KEY_NSCameraUsageDescription = "Camera access is needed to take photos.";
				INFOPLIST_KEY_NSContactsUsageDescription = "something here for later";
				INFOPLIST_KEY_NSPhotoLibraryUsageDescription = "Access to photos is needed to upload or share images.";
				INFOPLIST_KEY_UIApplicationSceneManifest_Generation = YES;
				INFOPLIST_KEY_UIApplicationSupportsIndirectInputEvents = YES;
				INFOPLIST_KEY_UILaunchScreen_Generation = YES;
				INFOPLIST_KEY_UISupportedInterfaceOrientations_iPad = "UIInterfaceOrientationPortrait UIInterfaceOrientationPortraitUpsideDown UIInterfaceOrientationLandscapeLeft UIInterfaceOrientationLandscapeRight";
				INFOPLIST_KEY_UISupportedInterfaceOrientations_iPhone = "UIInterfaceOrientationPortrait UIInterfaceOrientationLandscapeLeft UIInterfaceOrientationLandscapeRight";
				LD_RUNPATH_SEARCH_PATHS = (
					"$(inherited)",
					"@executable_path/Frameworks",
				);
				MARKETING_VERSION = 1.0;
				PRODUCT_BUNDLE_IDENTIFIER = "ltek-sys.NGDigital";
				PRODUCT_NAME = "$(TARGET_NAME)";
				SWIFT_EMIT_LOC_STRINGS = YES;
				SWIFT_VERSION = 5.0;
				TARGETED_DEVICE_FAMILY = "1,2";
			};
			name = Debug;
		};
		378E1C9E2DE523F10072236D /* Release */ = {
			isa = XCBuildConfiguration;
			buildSettings = {
				ASSETCATALOG_COMPILER_APPICON_NAME = AppIcon;
				ASSETCATALOG_COMPILER_GLOBAL_ACCENT_COLOR_NAME = AccentColor;
				CODE_SIGN_STYLE = Automatic;
				CURRENT_PROJECT_VERSION = 1;
				DEVELOPMENT_ASSET_PATHS = "\"NGDigital/Preview Content\"";
				DEVELOPMENT_TEAM = 897QSY45XD;
				ENABLE_PREVIEWS = YES;
				GENERATE_INFOPLIST_FILE = YES;
				INFOPLIST_FILE = NGDigital/Info.plist;
				INFOPLIST_KEY_NSCameraUsageDescription = "Camera access is needed to take photos.";
				INFOPLIST_KEY_NSContactsUsageDescription = "something here for later";
				INFOPLIST_KEY_NSPhotoLibraryUsageDescription = "Access to photos is needed to upload or share images.";
				INFOPLIST_KEY_UIApplicationSceneManifest_Generation = YES;
				INFOPLIST_KEY_UIApplicationSupportsIndirectInputEvents = YES;
				INFOPLIST_KEY_UILaunchScreen_Generation = YES;
				INFOPLIST_KEY_UISupportedInterfaceOrientations_iPad = "UIInterfaceOrientationPortrait UIInterfaceOrientationPortraitUpsideDown UIInterfaceOrientationLandscapeLeft UIInterfaceOrientationLandscapeRight";
				INFOPLIST_KEY_UISupportedInterfaceOrientations_iPhone = "UIInterfaceOrientationPortrait UIInterfaceOrientationLandscapeLeft UIInterfaceOrientationLandscapeRight";
				LD_RUNPATH_SEARCH_PATHS = (
					"$(inherited)",
					"@executable_path/Frameworks",
				);
				MARKETING_VERSION = 1.0;
				PRODUCT_BUNDLE_IDENTIFIER = "ltek-sys.NGDigital";
				PRODUCT_NAME = "$(TARGET_NAME)";
				SWIFT_EMIT_LOC_STRINGS = YES;
				SWIFT_VERSION = 5.0;
				TARGETED_DEVICE_FAMILY = "1,2";
			};
			name = Release;
		};
/* End XCBuildConfiguration section */

/* Begin XCConfigurationList section */
		378E1C892DE523EA0072236D /* Build configuration list for PBXProject "NGDigital" */ = {
			isa = XCConfigurationList;
			buildConfigurations = (
				378E1C9A2DE523F10072236D /* Debug */,
				378E1C9B2DE523F10072236D /* Release */,
			);
			defaultConfigurationIsVisible = 0;
			defaultConfigurationName = Release;
		};
		378E1C9C2DE523F10072236D /* Build configuration list for PBXNativeTarget "NGDigital" */ = {
			isa = XCConfigurationList;
			buildConfigurations = (
				378E1C9D2DE523F10072236D /* Debug */,
				378E1C9E2DE523F10072236D /* Release */,
			);
			defaultConfigurationIsVisible = 0;
			defaultConfigurationName = Release;
		};
/* End XCConfigurationList section */
	};
	rootObject = 378E1C862DE523EA0072236D /* Project object */;
}
